
Microsoft Visual Studio Solution File, Format Version 12.00
# Visual Studio Version 17
VisualStudioVersion = 17.7.34031.279
MinimumVisualStudioVersion = 10.0.40219.1
Project("{FAE04EC0-301F-11D3-BF4B-00C04F79EFBC}") = "PLD_Task_O", "PLD_Task_O\PLD_Task_O.csproj", "{446EB1EC-D0F5-4C7D-BFC0-AD2440348D6E}"
EndProject
Global
	GlobalSection(SolutionConfigurationPlatforms) = preSolution
		Debug|Any CPU = Debug|Any CPU
		Release|Any CPU = Release|Any CPU
	EndGlobalSection
	GlobalSection(ProjectConfigurationPlatforms) = postSolution
		{446EB1EC-D0F5-4C7D-BFC0-AD2440348D6E}.Debug|Any CPU.ActiveCfg = Debug|Any CPU
		{446EB1EC-D0F5-4C7D-BFC0-AD2440348D6E}.Debug|Any CPU.Build.0 = Debug|Any CPU
		{446EB1EC-D0F5-4C7D-BFC0-AD2440348D6E}.Release|Any CPU.ActiveCfg = Release|Any CPU
		{446EB1EC-D0F5-4C7D-BFC0-AD2440348D6E}.Release|Any CPU.Build.0 = Release|Any CPU
	EndGlobalSection
	GlobalSection(SolutionProperties) = preSolution
		HideSolutionNode = FALSE
	EndGlobalSection
	GlobalSection(ExtensibilityGlobals) = postSolution
		SolutionGuid = {3B41DCF4-A74C-438B-B9D2-59FC910DBA1A}
	EndGlobalSection
EndGlobal
